
Microsoft Visual Studio Solution File, Format Version 12.00
# Visual Studio Version 16
VisualStudioVersion = 16.0.28803.352
MinimumVisualStudioVersion = 10.0.40219.1
Project("{FAE04EC0-301F-11D3-BF4B-00C04F79EFBC}") = "Project1", "Project1\Project1.csproj", "{A8965439-ADC0-4E87-B91B-C5F5749B8DA6}"
EndProject
Global
	GlobalSection(SolutionConfigurationPlatforms) = preSolution
		Debug|Any CPU = Debug|Any CPU
		Release|Any CPU = Release|Any CPU
	EndGlobalSection
	GlobalSection(ProjectConfigurationPlatforms) = postSolution
		{A8965439-ADC0-4E87-B91B-C5F5749B8DA6}.Debug|Any CPU.ActiveCfg = Debug|Any CPU
		{A8965439-ADC0-4E87-B91B-C5F5749B8DA6}.Debug|Any CPU.Build.0 = Debug|Any CPU
		{A8965439-ADC0-4E87-B91B-C5F5749B8DA6}.Release|Any CPU.ActiveCfg = Release|Any CPU
		{A8965439-ADC0-4E87-B91B-C5F5749B8DA6}.Release|Any CPU.Build.0 = Release|Any CPU
	EndGlobalSection
	GlobalSection(SolutionProperties) = preSolution
		HideSolutionNode = FALSE
	EndGlobalSection
	GlobalSection(ExtensibilityGlobals) = postSolution
		SolutionGuid = {9D090BAF-7FE1-4F37-ADB9-1EE8043B78E0}
	EndGlobalSection
EndGlobal
