Microsoft Visual Studio Solution File, Format Version 12.00
# Visual Studio Version 16
VisualStudioVersion = 16.0.29409.12
MinimumVisualStudioVersion = 10.0.40219.1
Project("{FAE04EC0-301F-11D3-BF4B-00C04F79EFBC}") = "Project3", "Project3\Project3.csproj", "{70D32F94-F658-44CB-A501-84E3C9EFAAFD}"
EndProject
Project("{FAE04EC0-301F-11D3-BF4B-00C04F79EFBC}") = "Project3Library", "Project3Library\Project3Library.csproj", "{10B48D25-77B8-42BE-BE81-5A0A4915BC2C}"
EndProject
Global
	GlobalSection(SolutionConfigurationPlatforms) = preSolution
		Debug|Any CPU = Debug|Any CPU
		Release|Any CPU = Release|Any CPU
	EndGlobalSection
	GlobalSection(ProjectConfigurationPlatforms) = postSolution
		{70D32F94-F658-44CB-A501-84E3C9EFAAFD}.Debug|Any CPU.ActiveCfg = Debug|Any CPU
		{70D32F94-F658-44CB-A501-84E3C9EFAAFD}.Debug|Any CPU.Build.0 = Debug|Any CPU
		{70D32F94-F658-44CB-A501-84E3C9EFAAFD}.Release|Any CPU.ActiveCfg = Debug|Any CPU
		{70D32F94-F658-44CB-A501-84E3C9EFAAFD}.Release|Any CPU.Build.0 = Debug|Any CPU
		{10B48D25-77B8-42BE-BE81-5A0A4915BC2C}.Debug|Any CPU.ActiveCfg = Debug|Any CPU
		{10B48D25-77B8-42BE-BE81-5A0A4915BC2C}.Debug|Any CPU.Build.0 = Debug|Any CPU
		{10B48D25-77B8-42BE-BE81-5A0A4915BC2C}.Release|Any CPU.ActiveCfg = Debug|Any CPU
		{10B48D25-77B8-42BE-BE81-5A0A4915BC2C}.Release|Any CPU.Build.0 = Debug|Any CPU
	EndGlobalSection
	GlobalSection(SolutionProperties) = preSolution
		HideSolutionNode = FALSE
	EndGlobalSection
	GlobalSection(ExtensibilityGlobals) = postSolution
		SolutionGuid = {7236B574-E498-4F18-9421-DF91F7399EFF}
	EndGlobalSection
EndGlobal
